
Microsoft Visual Studio Solution File, Format Version 12.00
# Visual Studio Express 2013 for Windows Desktop
VisualStudioVersion = 12.0.30723.0
MinimumVisualStudioVersion = 10.0.40219.1
Project("{FAE04EC0-301F-11D3-BF4B-00C04F79EFBC}") = "01.Sum Of 3 Numbers", "01.Sum Of 3 Numbers\01.Sum Of 3 Numbers.csproj", "{8C43694C-72CD-4A91-B59F-CE428BC9C611}"
EndProject
Project("{FAE04EC0-301F-11D3-BF4B-00C04F79EFBC}") = "02.Print Company Information", "02.Print Company Information\02.Print Company Information.csproj", "{39E820BC-79F4-49D4-8DF1-CB6C8FB653E3}"
EndProject
Project("{FAE04EC0-301F-11D3-BF4B-00C04F79EFBC}") = "03.Circle Perimeter And Area", "03.Circle Perimeter And Area\03.Circle Perimeter And Area.csproj", "{F9EC7CFA-BAE1-4F72-B2D5-DDF3701AFCDA}"
EndProject
Project("{FAE04EC0-301F-11D3-BF4B-00C04F79EFBC}") = "04.Number Comparer", "04.Number Comparer\04.Number Comparer.csproj", "{FD56852E-435C-4D79-A1F0-6320D61143E5}"
EndProject
Project("{FAE04EC0-301F-11D3-BF4B-00C04F79EFBC}") = "05.Formatting Numbers", "05.Formatting Numbers\05.Formatting Numbers.csproj", "{F5208AC5-8C11-42E6-9790-C55315435D5F}"
EndProject
Project("{FAE04EC0-301F-11D3-BF4B-00C04F79EFBC}") = "06.Quadratic Equation", "06.Quadratic Equation\06.Quadratic Equation.csproj", "{4E5E43BD-1496-452C-B828-861FDCF191C0}"
EndProject
Project("{FAE04EC0-301F-11D3-BF4B-00C04F79EFBC}") = "07.Sum of 5 Numbers", "07.Sum of 5 Numbers\07.Sum of 5 Numbers.csproj", "{0B38DA75-5CE5-44ED-B8CB-C2D041A1C351}"
EndProject
Project("{FAE04EC0-301F-11D3-BF4B-00C04F79EFBC}") = "08.Numbers From 1 to n", "08.Numbers From 1 to n\08.Numbers From 1 to n.csproj", "{20859C44-49A2-4E39-B0EE-604F50F04939}"
EndProject
Project("{FAE04EC0-301F-11D3-BF4B-00C04F79EFBC}") = "09.Sum of n Numbers", "09.Sum of n Numbers\09.Sum of n Numbers.csproj", "{05B58F4E-09CF-472F-825C-254B374568A7}"
EndProject
Project("{FAE04EC0-301F-11D3-BF4B-00C04F79EFBC}") = "10.Fibonacci Numbers", "10.Fibonacci Numbers\10.Fibonacci Numbers.csproj", "{65727DA0-5DC7-401B-9186-5128F676F423}"
EndProject
Project("{FAE04EC0-301F-11D3-BF4B-00C04F79EFBC}") = "11.Numbers in Interval Dividable by Given Number", "11.Numbers in Interval Dividable by Given Number\11.Numbers in Interval Dividable by Given Number.csproj", "{BFA2E805-83F7-4840-AC7B-034FE53EECBA}"
EndProject
Global
	GlobalSection(SolutionConfigurationPlatforms) = preSolution
		Debug|Any CPU = Debug|Any CPU
		Release|Any CPU = Release|Any CPU
	EndGlobalSection
	GlobalSection(ProjectConfigurationPlatforms) = postSolution
		{8C43694C-72CD-4A91-B59F-CE428BC9C611}.Debug|Any CPU.ActiveCfg = Debug|Any CPU
		{8C43694C-72CD-4A91-B59F-CE428BC9C611}.Debug|Any CPU.Build.0 = Debug|Any CPU
		{8C43694C-72CD-4A91-B59F-CE428BC9C611}.Release|Any CPU.ActiveCfg = Release|Any CPU
		{8C43694C-72CD-4A91-B59F-CE428BC9C611}.Release|Any CPU.Build.0 = Release|Any CPU
		{39E820BC-79F4-49D4-8DF1-CB6C8FB653E3}.Debug|Any CPU.ActiveCfg = Debug|Any CPU
		{39E820BC-79F4-49D4-8DF1-CB6C8FB653E3}.Debug|Any CPU.Build.0 = Debug|Any CPU
		{39E820BC-79F4-49D4-8DF1-CB6C8FB653E3}.Release|Any CPU.ActiveCfg = Release|Any CPU
		{39E820BC-79F4-49D4-8DF1-CB6C8FB653E3}.Release|Any CPU.Build.0 = Release|Any CPU
		{F9EC7CFA-BAE1-4F72-B2D5-DDF3701AFCDA}.Debug|Any CPU.ActiveCfg = Debug|Any CPU
		{F9EC7CFA-BAE1-4F72-B2D5-DDF3701AFCDA}.Debug|Any CPU.Build.0 = Debug|Any CPU
		{F9EC7CFA-BAE1-4F72-B2D5-DDF3701AFCDA}.Release|Any CPU.ActiveCfg = Release|Any CPU
		{F9EC7CFA-BAE1-4F72-B2D5-DDF3701AFCDA}.Release|Any CPU.Build.0 = Release|Any CPU
		{FD56852E-435C-4D79-A1F0-6320D61143E5}.Debug|Any CPU.ActiveCfg = Debug|Any CPU
		{FD56852E-435C-4D79-A1F0-6320D61143E5}.Debug|Any CPU.Build.0 = Debug|Any CPU
		{FD56852E-435C-4D79-A1F0-6320D61143E5}.Release|Any CPU.ActiveCfg = Release|Any CPU
		{FD56852E-435C-4D79-A1F0-6320D61143E5}.Release|Any CPU.Build.0 = Release|Any CPU
		{F5208AC5-8C11-42E6-9790-C55315435D5F}.Debug|Any CPU.ActiveCfg = Debug|Any CPU
		{F5208AC5-8C11-42E6-9790-C55315435D5F}.Debug|Any CPU.Build.0 = Debug|Any CPU
		{F5208AC5-8C11-42E6-9790-C55315435D5F}.Release|Any CPU.ActiveCfg = Release|Any CPU
		{F5208AC5-8C11-42E6-9790-C55315435D5F}.Release|Any CPU.Build.0 = Release|Any CPU
		{4E5E43BD-1496-452C-B828-861FDCF191C0}.Debug|Any CPU.ActiveCfg = Debug|Any CPU
		{4E5E43BD-1496-452C-B828-861FDCF191C0}.Debug|Any CPU.Build.0 = Debug|Any CPU
		{4E5E43BD-1496-452C-B828-861FDCF191C0}.Release|Any CPU.ActiveCfg = Release|Any CPU
		{4E5E43BD-1496-452C-B828-861FDCF191C0}.Release|Any CPU.Build.0 = Release|Any CPU
		{0B38DA75-5CE5-44ED-B8CB-C2D041A1C351}.Debug|Any CPU.ActiveCfg = Debug|Any CPU
		{0B38DA75-5CE5-44ED-B8CB-C2D041A1C351}.Debug|Any CPU.Build.0 = Debug|Any CPU
		{0B38DA75-5CE5-44ED-B8CB-C2D041A1C351}.Release|Any CPU.ActiveCfg = Release|Any CPU
		{0B38DA75-5CE5-44ED-B8CB-C2D041A1C351}.Release|Any CPU.Build.0 = Release|Any CPU
		{20859C44-49A2-4E39-B0EE-604F50F04939}.Debug|Any CPU.ActiveCfg = Debug|Any CPU
		{20859C44-49A2-4E39-B0EE-604F50F04939}.Debug|Any CPU.Build.0 = Debug|Any CPU
		{20859C44-49A2-4E39-B0EE-604F50F04939}.Release|Any CPU.ActiveCfg = Release|Any CPU
		{20859C44-49A2-4E39-B0EE-604F50F04939}.Release|Any CPU.Build.0 = Release|Any CPU
		{05B58F4E-09CF-472F-825C-254B374568A7}.Debug|Any CPU.ActiveCfg = Debug|Any CPU
		{05B58F4E-09CF-472F-825C-254B374568A7}.Debug|Any CPU.Build.0 = Debug|Any CPU
		{05B58F4E-09CF-472F-825C-254B374568A7}.Release|Any CPU.ActiveCfg = Release|Any CPU
		{05B58F4E-09CF-472F-825C-254B374568A7}.Release|Any CPU.Build.0 = Release|Any CPU
		{65727DA0-5DC7-401B-9186-5128F676F423}.Debug|Any CPU.ActiveCfg = Debug|Any CPU
		{65727DA0-5DC7-401B-9186-5128F676F423}.Debug|Any CPU.Build.0 = Debug|Any CPU
		{65727DA0-5DC7-401B-9186-5128F676F423}.Release|Any CPU.ActiveCfg = Release|Any CPU
		{65727DA0-5DC7-401B-9186-5128F676F423}.Release|Any CPU.Build.0 = Release|Any CPU
		{BFA2E805-83F7-4840-AC7B-034FE53EECBA}.Debug|Any CPU.ActiveCfg = Debug|Any CPU
		{BFA2E805-83F7-4840-AC7B-034FE53EECBA}.Debug|Any CPU.Build.0 = Debug|Any CPU
		{BFA2E805-83F7-4840-AC7B-034FE53EECBA}.Release|Any CPU.ActiveCfg = Release|Any CPU
		{BFA2E805-83F7-4840-AC7B-034FE53EECBA}.Release|Any CPU.Build.0 = Release|Any CPU
	EndGlobalSection
	GlobalSection(SolutionProperties) = preSolution
		HideSolutionNode = FALSE
	EndGlobalSection
EndGlobal
