
Microsoft Visual Studio Solution File, Format Version 12.00
# Visual Studio Express 2012 for Windows Desktop
Project("{FAE04EC0-301F-11D3-BF4B-00C04F79EFBC}") = "01.ReadThreeIntegers", "01.ReadThreeIntegers\01.ReadThreeIntegers.csproj", "{84E2D91B-3411-47B8-B5B1-8C492CC36100}"
EndProject
Project("{FAE04EC0-301F-11D3-BF4B-00C04F79EFBC}") = "02.CirclePerimeterAndArea", "02.CirclePerimeterAndArea\02.CirclePerimeterAndArea.csproj", "{D2FEECF3-DA8A-4335-811A-001AA916FBF4}"
EndProject
Project("{FAE04EC0-301F-11D3-BF4B-00C04F79EFBC}") = "03.CompanyWithManager", "03.CompanyWithManager\03.CompanyWithManager.csproj", "{9D337832-3958-48F0-BD8F-991E02652C17}"
EndProject
Project("{FAE04EC0-301F-11D3-BF4B-00C04F79EFBC}") = "04.NumbersPBetweenTwoInt", "04.NumbersPBetweenTwoInt\04.NumbersPBetweenTwoInt.csproj", "{53EE8EEF-711E-4F81-A4F5-CCAD9678F75D}"
EndProject
Project("{FAE04EC0-301F-11D3-BF4B-00C04F79EFBC}") = "05.GreaterOfTwoNumbers", "05.GreaterOfTwoNumbers\05.GreaterOfTwoNumbers.csproj", "{E02AE195-6B16-4DE4-9144-210DF0A7EACE}"
EndProject
Project("{FAE04EC0-301F-11D3-BF4B-00C04F79EFBC}") = "06.quadraticEquation", "06.quadraticEquation\06.quadraticEquation.csproj", "{930DC8BF-8080-4DE5-B29C-863F5F7B7CA1}"
EndProject
Project("{FAE04EC0-301F-11D3-BF4B-00C04F79EFBC}") = "07.SumOfNNumbers", "07.sumOfNNumbers\07.SumOfNNumbers.csproj", "{4C4F88A2-274F-4129-89A1-6B058A0EBE2D}"
EndProject
Project("{FAE04EC0-301F-11D3-BF4B-00C04F79EFBC}") = "08.PrintingNIntegers", "08.PrintingNIntegers\08.PrintingNIntegers.csproj", "{41D2090E-97DC-4039-B488-305016DC1479}"
EndProject
Project("{FAE04EC0-301F-11D3-BF4B-00C04F79EFBC}") = "09.FibonacciSequence", "09.FibonacciSequence\09.FibonacciSequence.csproj", "{764A6046-390A-40E0-9F64-235F5BA259B1}"
EndProject
Project("{FAE04EC0-301F-11D3-BF4B-00C04F79EFBC}") = "10.SumWithPrecision", "10.SumWithPrecision\10.SumWithPrecision.csproj", "{A454C5AB-1689-4FDB-9FEC-F7B8C9EF6A4F}"
EndProject
Global
	GlobalSection(SolutionConfigurationPlatforms) = preSolution
		Debug|Any CPU = Debug|Any CPU
		Release|Any CPU = Release|Any CPU
	EndGlobalSection
	GlobalSection(ProjectConfigurationPlatforms) = postSolution
		{84E2D91B-3411-47B8-B5B1-8C492CC36100}.Debug|Any CPU.ActiveCfg = Debug|Any CPU
		{84E2D91B-3411-47B8-B5B1-8C492CC36100}.Debug|Any CPU.Build.0 = Debug|Any CPU
		{84E2D91B-3411-47B8-B5B1-8C492CC36100}.Release|Any CPU.ActiveCfg = Release|Any CPU
		{84E2D91B-3411-47B8-B5B1-8C492CC36100}.Release|Any CPU.Build.0 = Release|Any CPU
		{D2FEECF3-DA8A-4335-811A-001AA916FBF4}.Debug|Any CPU.ActiveCfg = Debug|Any CPU
		{D2FEECF3-DA8A-4335-811A-001AA916FBF4}.Debug|Any CPU.Build.0 = Debug|Any CPU
		{D2FEECF3-DA8A-4335-811A-001AA916FBF4}.Release|Any CPU.ActiveCfg = Release|Any CPU
		{D2FEECF3-DA8A-4335-811A-001AA916FBF4}.Release|Any CPU.Build.0 = Release|Any CPU
		{9D337832-3958-48F0-BD8F-991E02652C17}.Debug|Any CPU.ActiveCfg = Debug|Any CPU
		{9D337832-3958-48F0-BD8F-991E02652C17}.Debug|Any CPU.Build.0 = Debug|Any CPU
		{9D337832-3958-48F0-BD8F-991E02652C17}.Release|Any CPU.ActiveCfg = Release|Any CPU
		{9D337832-3958-48F0-BD8F-991E02652C17}.Release|Any CPU.Build.0 = Release|Any CPU
		{53EE8EEF-711E-4F81-A4F5-CCAD9678F75D}.Debug|Any CPU.ActiveCfg = Debug|Any CPU
		{53EE8EEF-711E-4F81-A4F5-CCAD9678F75D}.Debug|Any CPU.Build.0 = Debug|Any CPU
		{53EE8EEF-711E-4F81-A4F5-CCAD9678F75D}.Release|Any CPU.ActiveCfg = Release|Any CPU
		{53EE8EEF-711E-4F81-A4F5-CCAD9678F75D}.Release|Any CPU.Build.0 = Release|Any CPU
		{E02AE195-6B16-4DE4-9144-210DF0A7EACE}.Debug|Any CPU.ActiveCfg = Debug|Any CPU
		{E02AE195-6B16-4DE4-9144-210DF0A7EACE}.Debug|Any CPU.Build.0 = Debug|Any CPU
		{E02AE195-6B16-4DE4-9144-210DF0A7EACE}.Release|Any CPU.ActiveCfg = Release|Any CPU
		{E02AE195-6B16-4DE4-9144-210DF0A7EACE}.Release|Any CPU.Build.0 = Release|Any CPU
		{930DC8BF-8080-4DE5-B29C-863F5F7B7CA1}.Debug|Any CPU.ActiveCfg = Debug|Any CPU
		{930DC8BF-8080-4DE5-B29C-863F5F7B7CA1}.Debug|Any CPU.Build.0 = Debug|Any CPU
		{930DC8BF-8080-4DE5-B29C-863F5F7B7CA1}.Release|Any CPU.ActiveCfg = Release|Any CPU
		{930DC8BF-8080-4DE5-B29C-863F5F7B7CA1}.Release|Any CPU.Build.0 = Release|Any CPU
		{4C4F88A2-274F-4129-89A1-6B058A0EBE2D}.Debug|Any CPU.ActiveCfg = Debug|Any CPU
		{4C4F88A2-274F-4129-89A1-6B058A0EBE2D}.Debug|Any CPU.Build.0 = Debug|Any CPU
		{4C4F88A2-274F-4129-89A1-6B058A0EBE2D}.Release|Any CPU.ActiveCfg = Release|Any CPU
		{4C4F88A2-274F-4129-89A1-6B058A0EBE2D}.Release|Any CPU.Build.0 = Release|Any CPU
		{41D2090E-97DC-4039-B488-305016DC1479}.Debug|Any CPU.ActiveCfg = Debug|Any CPU
		{41D2090E-97DC-4039-B488-305016DC1479}.Debug|Any CPU.Build.0 = Debug|Any CPU
		{41D2090E-97DC-4039-B488-305016DC1479}.Release|Any CPU.ActiveCfg = Release|Any CPU
		{41D2090E-97DC-4039-B488-305016DC1479}.Release|Any CPU.Build.0 = Release|Any CPU
		{764A6046-390A-40E0-9F64-235F5BA259B1}.Debug|Any CPU.ActiveCfg = Debug|Any CPU
		{764A6046-390A-40E0-9F64-235F5BA259B1}.Debug|Any CPU.Build.0 = Debug|Any CPU
		{764A6046-390A-40E0-9F64-235F5BA259B1}.Release|Any CPU.ActiveCfg = Release|Any CPU
		{764A6046-390A-40E0-9F64-235F5BA259B1}.Release|Any CPU.Build.0 = Release|Any CPU
		{A454C5AB-1689-4FDB-9FEC-F7B8C9EF6A4F}.Debug|Any CPU.ActiveCfg = Debug|Any CPU
		{A454C5AB-1689-4FDB-9FEC-F7B8C9EF6A4F}.Debug|Any CPU.Build.0 = Debug|Any CPU
		{A454C5AB-1689-4FDB-9FEC-F7B8C9EF6A4F}.Release|Any CPU.ActiveCfg = Release|Any CPU
		{A454C5AB-1689-4FDB-9FEC-F7B8C9EF6A4F}.Release|Any CPU.Build.0 = Release|Any CPU
	EndGlobalSection
	GlobalSection(SolutionProperties) = preSolution
		HideSolutionNode = FALSE
	EndGlobalSection
EndGlobal
