
Microsoft Visual Studio Solution File, Format Version 12.00
# Visual Studio 2013
VisualStudioVersion = 12.0.31101.0
MinimumVisualStudioVersion = 10.0.40219.1
Project("{FAE04EC0-301F-11D3-BF4B-00C04F79EFBC}") = "Problem01_Declare Variables", "Problem1_Declare Variables\Problem01_Declare Variables.csproj", "{9279CF5F-8EBE-4B42-9C56-D42FC691C627}"
EndProject
Project("{FAE04EC0-301F-11D3-BF4B-00C04F79EFBC}") = "Problem02_Float or Double", "Problem 2_Float or Double\Problem02_Float or Double.csproj", "{FE8DDA65-0B9C-4131-B8C3-ADBA784FC969}"
EndProject
Project("{FAE04EC0-301F-11D3-BF4B-00C04F79EFBC}") = "Problem03_VariableHexadecimalFormat3", "Problem3_VariableHexadecimalFormat3\Problem03_VariableHexadecimalFormat3.csproj", "{18FC8735-CB24-4EF6-A520-DC8829984205}"
EndProject
Project("{FAE04EC0-301F-11D3-BF4B-00C04F79EFBC}") = "Problem04_Unicode Character", "Problem04_Unicode Character\Problem04_Unicode Character.csproj", "{ACC06C93-A239-4D3D-AE39-7A4F7D41E4BE}"
EndProject
Project("{FAE04EC0-301F-11D3-BF4B-00C04F79EFBC}") = "Problem05_Boolean Variable", "Problem5_Boolean Variable\Problem05_Boolean Variable.csproj", "{A688217E-DA48-48EA-B1C0-89368B15F776}"
EndProject
Project("{FAE04EC0-301F-11D3-BF4B-00C04F79EFBC}") = "Problem06_Strings and Objects", "Problem6_Strings and Objects\Problem06_Strings and Objects.csproj", "{30EFF906-4331-4120-907A-3EC5D5CEA8A1}"
EndProject
Project("{FAE04EC0-301F-11D3-BF4B-00C04F79EFBC}") = "Problem07_QuotesInStrings", "Problem 7_QuotesInStrings\Problem07_QuotesInStrings.csproj", "{5AC8D5B6-0BA2-4A48-8423-4CC5124D9D01}"
EndProject
Project("{FAE04EC0-301F-11D3-BF4B-00C04F79EFBC}") = "Problem08_IsoscelesTriangle", "Problem08_IsoscelesTriangle\Problem08_IsoscelesTriangle.csproj", "{1926A7D0-A2F2-4AFC-AEAA-C46721FECA9F}"
EndProject
Project("{FAE04EC0-301F-11D3-BF4B-00C04F79EFBC}") = "Problem09_ExchangeVariableValues", "Problem09_Exchange Variable Values\Problem09_ExchangeVariableValues.csproj", "{2B0C2FDF-C5A3-4408-B75A-EFD3915C5948}"
EndProject
Project("{FAE04EC0-301F-11D3-BF4B-00C04F79EFBC}") = "Problem10_EmployeeData", "Problem10_Employee Data\Problem10_EmployeeData.csproj", "{EB7F2BD1-3E77-4C39-ADF3-B47FEE43BF66}"
EndProject
Project("{FAE04EC0-301F-11D3-BF4B-00C04F79EFBC}") = "Problem11_BankAccountData", "Problem11_BankAccountData\Problem11_BankAccountData.csproj", "{14290868-C16D-4648-BC03-99E44F6D3BBB}"
EndProject
Project("{FAE04EC0-301F-11D3-BF4B-00C04F79EFBC}") = "Problem12_NullValuesArithmetic", "Problem12_NullValuesArithmetic\Problem12_NullValuesArithmetic.csproj", "{389EA326-C5A2-4CBF-A897-E06E63426C9F}"
EndProject
Project("{FAE04EC0-301F-11D3-BF4B-00C04F79EFBC}") = "Problem13_ComparingFloats", "Problem13_ComparingFloats\Problem13_ComparingFloats.csproj", "{E05661CB-6746-4E11-A9BC-47C9E2DEF83E}"
EndProject
Project("{FAE04EC0-301F-11D3-BF4B-00C04F79EFBC}") = "Problem14_PrintASCIITable", "Problem14_PrintASCIITable\Problem14_PrintASCIITable.csproj", "{9B103FFC-DF7F-4FB4-9163-F461E8C33ADD}"
EndProject
Global
	GlobalSection(SolutionConfigurationPlatforms) = preSolution
		Debug|Any CPU = Debug|Any CPU
		Release|Any CPU = Release|Any CPU
	EndGlobalSection
	GlobalSection(ProjectConfigurationPlatforms) = postSolution
		{9279CF5F-8EBE-4B42-9C56-D42FC691C627}.Debug|Any CPU.ActiveCfg = Debug|Any CPU
		{9279CF5F-8EBE-4B42-9C56-D42FC691C627}.Debug|Any CPU.Build.0 = Debug|Any CPU
		{9279CF5F-8EBE-4B42-9C56-D42FC691C627}.Release|Any CPU.ActiveCfg = Release|Any CPU
		{9279CF5F-8EBE-4B42-9C56-D42FC691C627}.Release|Any CPU.Build.0 = Release|Any CPU
		{FE8DDA65-0B9C-4131-B8C3-ADBA784FC969}.Debug|Any CPU.ActiveCfg = Debug|Any CPU
		{FE8DDA65-0B9C-4131-B8C3-ADBA784FC969}.Debug|Any CPU.Build.0 = Debug|Any CPU
		{FE8DDA65-0B9C-4131-B8C3-ADBA784FC969}.Release|Any CPU.ActiveCfg = Release|Any CPU
		{FE8DDA65-0B9C-4131-B8C3-ADBA784FC969}.Release|Any CPU.Build.0 = Release|Any CPU
		{18FC8735-CB24-4EF6-A520-DC8829984205}.Debug|Any CPU.ActiveCfg = Debug|Any CPU
		{18FC8735-CB24-4EF6-A520-DC8829984205}.Debug|Any CPU.Build.0 = Debug|Any CPU
		{18FC8735-CB24-4EF6-A520-DC8829984205}.Release|Any CPU.ActiveCfg = Release|Any CPU
		{18FC8735-CB24-4EF6-A520-DC8829984205}.Release|Any CPU.Build.0 = Release|Any CPU
		{ACC06C93-A239-4D3D-AE39-7A4F7D41E4BE}.Debug|Any CPU.ActiveCfg = Debug|Any CPU
		{ACC06C93-A239-4D3D-AE39-7A4F7D41E4BE}.Debug|Any CPU.Build.0 = Debug|Any CPU
		{ACC06C93-A239-4D3D-AE39-7A4F7D41E4BE}.Release|Any CPU.ActiveCfg = Release|Any CPU
		{ACC06C93-A239-4D3D-AE39-7A4F7D41E4BE}.Release|Any CPU.Build.0 = Release|Any CPU
		{A688217E-DA48-48EA-B1C0-89368B15F776}.Debug|Any CPU.ActiveCfg = Debug|Any CPU
		{A688217E-DA48-48EA-B1C0-89368B15F776}.Debug|Any CPU.Build.0 = Debug|Any CPU
		{A688217E-DA48-48EA-B1C0-89368B15F776}.Release|Any CPU.ActiveCfg = Release|Any CPU
		{A688217E-DA48-48EA-B1C0-89368B15F776}.Release|Any CPU.Build.0 = Release|Any CPU
		{30EFF906-4331-4120-907A-3EC5D5CEA8A1}.Debug|Any CPU.ActiveCfg = Debug|Any CPU
		{30EFF906-4331-4120-907A-3EC5D5CEA8A1}.Debug|Any CPU.Build.0 = Debug|Any CPU
		{30EFF906-4331-4120-907A-3EC5D5CEA8A1}.Release|Any CPU.ActiveCfg = Release|Any CPU
		{30EFF906-4331-4120-907A-3EC5D5CEA8A1}.Release|Any CPU.Build.0 = Release|Any CPU
		{5AC8D5B6-0BA2-4A48-8423-4CC5124D9D01}.Debug|Any CPU.ActiveCfg = Debug|Any CPU
		{5AC8D5B6-0BA2-4A48-8423-4CC5124D9D01}.Debug|Any CPU.Build.0 = Debug|Any CPU
		{5AC8D5B6-0BA2-4A48-8423-4CC5124D9D01}.Release|Any CPU.ActiveCfg = Release|Any CPU
		{5AC8D5B6-0BA2-4A48-8423-4CC5124D9D01}.Release|Any CPU.Build.0 = Release|Any CPU
		{1926A7D0-A2F2-4AFC-AEAA-C46721FECA9F}.Debug|Any CPU.ActiveCfg = Debug|Any CPU
		{1926A7D0-A2F2-4AFC-AEAA-C46721FECA9F}.Debug|Any CPU.Build.0 = Debug|Any CPU
		{1926A7D0-A2F2-4AFC-AEAA-C46721FECA9F}.Release|Any CPU.ActiveCfg = Release|Any CPU
		{1926A7D0-A2F2-4AFC-AEAA-C46721FECA9F}.Release|Any CPU.Build.0 = Release|Any CPU
		{2B0C2FDF-C5A3-4408-B75A-EFD3915C5948}.Debug|Any CPU.ActiveCfg = Debug|Any CPU
		{2B0C2FDF-C5A3-4408-B75A-EFD3915C5948}.Debug|Any CPU.Build.0 = Debug|Any CPU
		{2B0C2FDF-C5A3-4408-B75A-EFD3915C5948}.Release|Any CPU.ActiveCfg = Release|Any CPU
		{2B0C2FDF-C5A3-4408-B75A-EFD3915C5948}.Release|Any CPU.Build.0 = Release|Any CPU
		{EB7F2BD1-3E77-4C39-ADF3-B47FEE43BF66}.Debug|Any CPU.ActiveCfg = Debug|Any CPU
		{EB7F2BD1-3E77-4C39-ADF3-B47FEE43BF66}.Debug|Any CPU.Build.0 = Debug|Any CPU
		{EB7F2BD1-3E77-4C39-ADF3-B47FEE43BF66}.Release|Any CPU.ActiveCfg = Release|Any CPU
		{EB7F2BD1-3E77-4C39-ADF3-B47FEE43BF66}.Release|Any CPU.Build.0 = Release|Any CPU
		{14290868-C16D-4648-BC03-99E44F6D3BBB}.Debug|Any CPU.ActiveCfg = Debug|Any CPU
		{14290868-C16D-4648-BC03-99E44F6D3BBB}.Debug|Any CPU.Build.0 = Debug|Any CPU
		{14290868-C16D-4648-BC03-99E44F6D3BBB}.Release|Any CPU.ActiveCfg = Release|Any CPU
		{14290868-C16D-4648-BC03-99E44F6D3BBB}.Release|Any CPU.Build.0 = Release|Any CPU
		{389EA326-C5A2-4CBF-A897-E06E63426C9F}.Debug|Any CPU.ActiveCfg = Debug|Any CPU
		{389EA326-C5A2-4CBF-A897-E06E63426C9F}.Debug|Any CPU.Build.0 = Debug|Any CPU
		{389EA326-C5A2-4CBF-A897-E06E63426C9F}.Release|Any CPU.ActiveCfg = Release|Any CPU
		{389EA326-C5A2-4CBF-A897-E06E63426C9F}.Release|Any CPU.Build.0 = Release|Any CPU
		{E05661CB-6746-4E11-A9BC-47C9E2DEF83E}.Debug|Any CPU.ActiveCfg = Debug|Any CPU
		{E05661CB-6746-4E11-A9BC-47C9E2DEF83E}.Debug|Any CPU.Build.0 = Debug|Any CPU
		{E05661CB-6746-4E11-A9BC-47C9E2DEF83E}.Release|Any CPU.ActiveCfg = Release|Any CPU
		{E05661CB-6746-4E11-A9BC-47C9E2DEF83E}.Release|Any CPU.Build.0 = Release|Any CPU
		{9B103FFC-DF7F-4FB4-9163-F461E8C33ADD}.Debug|Any CPU.ActiveCfg = Debug|Any CPU
		{9B103FFC-DF7F-4FB4-9163-F461E8C33ADD}.Debug|Any CPU.Build.0 = Debug|Any CPU
		{9B103FFC-DF7F-4FB4-9163-F461E8C33ADD}.Release|Any CPU.ActiveCfg = Release|Any CPU
		{9B103FFC-DF7F-4FB4-9163-F461E8C33ADD}.Release|Any CPU.Build.0 = Release|Any CPU
	EndGlobalSection
	GlobalSection(SolutionProperties) = preSolution
		HideSolutionNode = FALSE
	EndGlobalSection
EndGlobal
