
Microsoft Visual Studio Solution File, Format Version 12.00
# Visual Studio 2013
VisualStudioVersion = 12.0.31101.0
MinimumVisualStudioVersion = 10.0.40219.1
Project("{FAE04EC0-301F-11D3-BF4B-00C04F79EFBC}") = "01.ExchangeIfGreater", "01.ExchangeIfGreater\01.ExchangeIfGreater.csproj", "{A2603890-47E5-457B-AB7D-7877689C0925}"
EndProject
Project("{FAE04EC0-301F-11D3-BF4B-00C04F79EFBC}") = "02.BonusScore", "02.BonusScore\02.BonusScore.csproj", "{2AF453D4-F9A4-42A4-B0BE-11F5D38469A5}"
EndProject
Project("{FAE04EC0-301F-11D3-BF4B-00C04F79EFBC}") = "03.CheckForAPlayCard", "03.CheckForAPlayCard\03.CheckForAPlayCard.csproj", "{DFA72FE1-43D2-47D5-BE8B-F7155883EEAD}"
EndProject
Project("{FAE04EC0-301F-11D3-BF4B-00C04F79EFBC}") = "04.MultiplicationSign", "04.MultiplicationSign\04.MultiplicationSign.csproj", "{89514884-E3B4-4C27-8657-C8821708F039}"
EndProject
Project("{FAE04EC0-301F-11D3-BF4B-00C04F79EFBC}") = "05.TheBiggestOfTreeNumbers", "05.TheBiggestOfTreeNumbers\05.TheBiggestOfTreeNumbers.csproj", "{1C6FAC6B-ED74-4AC7-8F43-E75434D767FF}"
EndProject
Project("{FAE04EC0-301F-11D3-BF4B-00C04F79EFBC}") = "06.TheBiggestOfFiveNumbers", "06.TheBiggestOfFiveNumbers\06.TheBiggestOfFiveNumbers.csproj", "{89B5DD93-A5D4-49E7-870E-DF26F2B8EEAE}"
EndProject
Project("{FAE04EC0-301F-11D3-BF4B-00C04F79EFBC}") = "07.SortTreeNumbersWithNestedIfs", "07.SortTreeNumbersWithNestedIfs\07.SortTreeNumbersWithNestedIfs.csproj", "{10D7B1B7-E168-4A7D-82C0-1D443CAB5FEF}"
EndProject
Project("{FAE04EC0-301F-11D3-BF4B-00C04F79EFBC}") = "08.DigitAsWord", "08.DigitAsWord\08.DigitAsWord.csproj", "{50A60979-E887-4FE1-B2B3-FF98C733D756}"
EndProject
Project("{FAE04EC0-301F-11D3-BF4B-00C04F79EFBC}") = "09.PlayWithIntDoubleAndString", "09.PlayWithIntDoubleAndString\09.PlayWithIntDoubleAndString.csproj", "{967558B3-2610-4182-9951-24D51E62A980}"
EndProject
Project("{FAE04EC0-301F-11D3-BF4B-00C04F79EFBC}") = "10.BeerTime", "10.BeerTime\10.BeerTime.csproj", "{C820F851-D6A1-45BD-968F-12DDAF11F86F}"
EndProject
Project("{FAE04EC0-301F-11D3-BF4B-00C04F79EFBC}") = "11.NumberAsWords", "11.NumberAsWords\11.NumberAsWords.csproj", "{E85B00B0-5F75-4F9F-A894-1EF640794825}"
EndProject
Global
	GlobalSection(SolutionConfigurationPlatforms) = preSolution
		Debug|Any CPU = Debug|Any CPU
		Release|Any CPU = Release|Any CPU
	EndGlobalSection
	GlobalSection(ProjectConfigurationPlatforms) = postSolution
		{A2603890-47E5-457B-AB7D-7877689C0925}.Debug|Any CPU.ActiveCfg = Debug|Any CPU
		{A2603890-47E5-457B-AB7D-7877689C0925}.Debug|Any CPU.Build.0 = Debug|Any CPU
		{A2603890-47E5-457B-AB7D-7877689C0925}.Release|Any CPU.ActiveCfg = Release|Any CPU
		{A2603890-47E5-457B-AB7D-7877689C0925}.Release|Any CPU.Build.0 = Release|Any CPU
		{2AF453D4-F9A4-42A4-B0BE-11F5D38469A5}.Debug|Any CPU.ActiveCfg = Debug|Any CPU
		{2AF453D4-F9A4-42A4-B0BE-11F5D38469A5}.Debug|Any CPU.Build.0 = Debug|Any CPU
		{2AF453D4-F9A4-42A4-B0BE-11F5D38469A5}.Release|Any CPU.ActiveCfg = Release|Any CPU
		{2AF453D4-F9A4-42A4-B0BE-11F5D38469A5}.Release|Any CPU.Build.0 = Release|Any CPU
		{DFA72FE1-43D2-47D5-BE8B-F7155883EEAD}.Debug|Any CPU.ActiveCfg = Debug|Any CPU
		{DFA72FE1-43D2-47D5-BE8B-F7155883EEAD}.Debug|Any CPU.Build.0 = Debug|Any CPU
		{DFA72FE1-43D2-47D5-BE8B-F7155883EEAD}.Release|Any CPU.ActiveCfg = Release|Any CPU
		{DFA72FE1-43D2-47D5-BE8B-F7155883EEAD}.Release|Any CPU.Build.0 = Release|Any CPU
		{89514884-E3B4-4C27-8657-C8821708F039}.Debug|Any CPU.ActiveCfg = Debug|Any CPU
		{89514884-E3B4-4C27-8657-C8821708F039}.Debug|Any CPU.Build.0 = Debug|Any CPU
		{89514884-E3B4-4C27-8657-C8821708F039}.Release|Any CPU.ActiveCfg = Release|Any CPU
		{89514884-E3B4-4C27-8657-C8821708F039}.Release|Any CPU.Build.0 = Release|Any CPU
		{1C6FAC6B-ED74-4AC7-8F43-E75434D767FF}.Debug|Any CPU.ActiveCfg = Debug|Any CPU
		{1C6FAC6B-ED74-4AC7-8F43-E75434D767FF}.Debug|Any CPU.Build.0 = Debug|Any CPU
		{1C6FAC6B-ED74-4AC7-8F43-E75434D767FF}.Release|Any CPU.ActiveCfg = Release|Any CPU
		{1C6FAC6B-ED74-4AC7-8F43-E75434D767FF}.Release|Any CPU.Build.0 = Release|Any CPU
		{89B5DD93-A5D4-49E7-870E-DF26F2B8EEAE}.Debug|Any CPU.ActiveCfg = Debug|Any CPU
		{89B5DD93-A5D4-49E7-870E-DF26F2B8EEAE}.Debug|Any CPU.Build.0 = Debug|Any CPU
		{89B5DD93-A5D4-49E7-870E-DF26F2B8EEAE}.Release|Any CPU.ActiveCfg = Release|Any CPU
		{89B5DD93-A5D4-49E7-870E-DF26F2B8EEAE}.Release|Any CPU.Build.0 = Release|Any CPU
		{10D7B1B7-E168-4A7D-82C0-1D443CAB5FEF}.Debug|Any CPU.ActiveCfg = Debug|Any CPU
		{10D7B1B7-E168-4A7D-82C0-1D443CAB5FEF}.Debug|Any CPU.Build.0 = Debug|Any CPU
		{10D7B1B7-E168-4A7D-82C0-1D443CAB5FEF}.Release|Any CPU.ActiveCfg = Release|Any CPU
		{10D7B1B7-E168-4A7D-82C0-1D443CAB5FEF}.Release|Any CPU.Build.0 = Release|Any CPU
		{50A60979-E887-4FE1-B2B3-FF98C733D756}.Debug|Any CPU.ActiveCfg = Debug|Any CPU
		{50A60979-E887-4FE1-B2B3-FF98C733D756}.Debug|Any CPU.Build.0 = Debug|Any CPU
		{50A60979-E887-4FE1-B2B3-FF98C733D756}.Release|Any CPU.ActiveCfg = Release|Any CPU
		{50A60979-E887-4FE1-B2B3-FF98C733D756}.Release|Any CPU.Build.0 = Release|Any CPU
		{967558B3-2610-4182-9951-24D51E62A980}.Debug|Any CPU.ActiveCfg = Debug|Any CPU
		{967558B3-2610-4182-9951-24D51E62A980}.Debug|Any CPU.Build.0 = Debug|Any CPU
		{967558B3-2610-4182-9951-24D51E62A980}.Release|Any CPU.ActiveCfg = Release|Any CPU
		{967558B3-2610-4182-9951-24D51E62A980}.Release|Any CPU.Build.0 = Release|Any CPU
		{C820F851-D6A1-45BD-968F-12DDAF11F86F}.Debug|Any CPU.ActiveCfg = Debug|Any CPU
		{C820F851-D6A1-45BD-968F-12DDAF11F86F}.Debug|Any CPU.Build.0 = Debug|Any CPU
		{C820F851-D6A1-45BD-968F-12DDAF11F86F}.Release|Any CPU.ActiveCfg = Release|Any CPU
		{C820F851-D6A1-45BD-968F-12DDAF11F86F}.Release|Any CPU.Build.0 = Release|Any CPU
		{E85B00B0-5F75-4F9F-A894-1EF640794825}.Debug|Any CPU.ActiveCfg = Debug|Any CPU
		{E85B00B0-5F75-4F9F-A894-1EF640794825}.Debug|Any CPU.Build.0 = Debug|Any CPU
		{E85B00B0-5F75-4F9F-A894-1EF640794825}.Release|Any CPU.ActiveCfg = Release|Any CPU
		{E85B00B0-5F75-4F9F-A894-1EF640794825}.Release|Any CPU.Build.0 = Release|Any CPU
	EndGlobalSection
	GlobalSection(SolutionProperties) = preSolution
		HideSolutionNode = FALSE
	EndGlobalSection
EndGlobal
