
Microsoft Visual Studio Solution File, Format Version 12.00
# Visual Studio Express 2012 for Windows Desktop
Project("{FAE04EC0-301F-11D3-BF4B-00C04F79EFBC}") = "Problem 01", "Problem 1\Problem 01.csproj", "{44431C58-B278-4483-8C36-83EB776754E0}"
EndProject
Project("{FAE04EC0-301F-11D3-BF4B-00C04F79EFBC}") = "Problem 02", "Problem 2\Problem 02.csproj", "{7979B003-DDDD-4DC1-90DB-F2EADFFFB994}"
EndProject
Project("{FAE04EC0-301F-11D3-BF4B-00C04F79EFBC}") = "Problem 03", "Problem 3\Problem 03.csproj", "{47AE9DF6-A57E-49E7-BB74-BCA1E446153A}"
EndProject
Project("{FAE04EC0-301F-11D3-BF4B-00C04F79EFBC}") = "Problem 04", "Problem 4\Problem 04.csproj", "{62EF3552-43FF-420F-B48A-16033D76D498}"
EndProject
Project("{FAE04EC0-301F-11D3-BF4B-00C04F79EFBC}") = "Problem 05", "Problem 5\Problem 05.csproj", "{126FAE69-C135-445D-B942-3CEC1823495D}"
EndProject
Project("{FAE04EC0-301F-11D3-BF4B-00C04F79EFBC}") = "Problem 06", "Problem 6\Problem 06.csproj", "{88532072-EAAC-4885-B082-A3CBC72E2F6D}"
EndProject
Project("{FAE04EC0-301F-11D3-BF4B-00C04F79EFBC}") = "Problem 07", "Problem 7\Problem 07.csproj", "{22CDC310-6B7F-4E4B-925A-D37FFF3C7ABC}"
EndProject
Project("{FAE04EC0-301F-11D3-BF4B-00C04F79EFBC}") = "Problem 08", "Problem 8\Problem 08.csproj", "{EAB188C2-BC1F-4D8F-91F1-29D4D80C7351}"
EndProject
Project("{FAE04EC0-301F-11D3-BF4B-00C04F79EFBC}") = "Problem 09", "Problem 9\Problem 09.csproj", "{A2DF61BA-D80D-46A8-A051-C3930135F2C3}"
EndProject
Project("{FAE04EC0-301F-11D3-BF4B-00C04F79EFBC}") = "Problem 10", "Problem 10\Problem 10.csproj", "{F9E195C9-A380-438C-9A46-732B4008C4E7}"
EndProject
Project("{FAE04EC0-301F-11D3-BF4B-00C04F79EFBC}") = "Problem 11", "Problem 11\Problem 11.csproj", "{167DBBD7-1F2D-46B0-8AEC-BFFB91D1737A}"
EndProject
Project("{FAE04EC0-301F-11D3-BF4B-00C04F79EFBC}") = "Problem 12", "Problem 12\Problem 12.csproj", "{A4BA2062-C0DA-4DEE-9D96-1725F3B47E56}"
EndProject
Project("{FAE04EC0-301F-11D3-BF4B-00C04F79EFBC}") = "Problem 13", "Problem 13\Problem 13.csproj", "{6304F716-363E-4D0E-8B40-4FEB155939A6}"
EndProject
Project("{FAE04EC0-301F-11D3-BF4B-00C04F79EFBC}") = "Problem 14", "Problem 14\Problem 14.csproj", "{1B7566E9-AE5D-4B25-9B6F-FD5ED1AC2CC5}"
EndProject
Project("{FAE04EC0-301F-11D3-BF4B-00C04F79EFBC}") = "Problem 15", "Problem 15\Problem 15.csproj", "{F048E804-D14D-45A2-9BA0-A83A385372E8}"
EndProject
Project("{FAE04EC0-301F-11D3-BF4B-00C04F79EFBC}") = "Problem 17", "Problem 17\Problem 17.csproj", "{7934B257-CEB6-48AC-8265-05A11B5DA797}"
EndProject
Project("{FAE04EC0-301F-11D3-BF4B-00C04F79EFBC}") = "Problem 18", "Problem 18\Problem 18.csproj", "{F05F178B-F44E-43DC-B38A-45B632AC7667}"
EndProject
Project("{FAE04EC0-301F-11D3-BF4B-00C04F79EFBC}") = "Problem 20", "Problem 20\Problem 20.csproj", "{CC8F76AA-94B8-4FD4-9DDE-EBB7B5227419}"
EndProject
Project("{FAE04EC0-301F-11D3-BF4B-00C04F79EFBC}") = "Problem 21", "Problem 21\Problem 21.csproj", "{E67E5EE1-BB39-4E79-AABA-47E1F09EAD8E}"
EndProject
Project("{FAE04EC0-301F-11D3-BF4B-00C04F79EFBC}") = "Problem 16", "Problem 16\Problem 16.csproj", "{487FC9C9-2DAE-4F7D-8F15-30CC2ED2033C}"
EndProject
Global
	GlobalSection(SolutionConfigurationPlatforms) = preSolution
		Debug|Any CPU = Debug|Any CPU
		Release|Any CPU = Release|Any CPU
	EndGlobalSection
	GlobalSection(ProjectConfigurationPlatforms) = postSolution
		{44431C58-B278-4483-8C36-83EB776754E0}.Debug|Any CPU.ActiveCfg = Debug|Any CPU
		{44431C58-B278-4483-8C36-83EB776754E0}.Debug|Any CPU.Build.0 = Debug|Any CPU
		{44431C58-B278-4483-8C36-83EB776754E0}.Release|Any CPU.ActiveCfg = Release|Any CPU
		{44431C58-B278-4483-8C36-83EB776754E0}.Release|Any CPU.Build.0 = Release|Any CPU
		{7979B003-DDDD-4DC1-90DB-F2EADFFFB994}.Debug|Any CPU.ActiveCfg = Debug|Any CPU
		{7979B003-DDDD-4DC1-90DB-F2EADFFFB994}.Debug|Any CPU.Build.0 = Debug|Any CPU
		{7979B003-DDDD-4DC1-90DB-F2EADFFFB994}.Release|Any CPU.ActiveCfg = Release|Any CPU
		{7979B003-DDDD-4DC1-90DB-F2EADFFFB994}.Release|Any CPU.Build.0 = Release|Any CPU
		{47AE9DF6-A57E-49E7-BB74-BCA1E446153A}.Debug|Any CPU.ActiveCfg = Debug|Any CPU
		{47AE9DF6-A57E-49E7-BB74-BCA1E446153A}.Debug|Any CPU.Build.0 = Debug|Any CPU
		{47AE9DF6-A57E-49E7-BB74-BCA1E446153A}.Release|Any CPU.ActiveCfg = Release|Any CPU
		{47AE9DF6-A57E-49E7-BB74-BCA1E446153A}.Release|Any CPU.Build.0 = Release|Any CPU
		{62EF3552-43FF-420F-B48A-16033D76D498}.Debug|Any CPU.ActiveCfg = Debug|Any CPU
		{62EF3552-43FF-420F-B48A-16033D76D498}.Debug|Any CPU.Build.0 = Debug|Any CPU
		{62EF3552-43FF-420F-B48A-16033D76D498}.Release|Any CPU.ActiveCfg = Release|Any CPU
		{62EF3552-43FF-420F-B48A-16033D76D498}.Release|Any CPU.Build.0 = Release|Any CPU
		{126FAE69-C135-445D-B942-3CEC1823495D}.Debug|Any CPU.ActiveCfg = Debug|Any CPU
		{126FAE69-C135-445D-B942-3CEC1823495D}.Debug|Any CPU.Build.0 = Debug|Any CPU
		{126FAE69-C135-445D-B942-3CEC1823495D}.Release|Any CPU.ActiveCfg = Release|Any CPU
		{126FAE69-C135-445D-B942-3CEC1823495D}.Release|Any CPU.Build.0 = Release|Any CPU
		{88532072-EAAC-4885-B082-A3CBC72E2F6D}.Debug|Any CPU.ActiveCfg = Debug|Any CPU
		{88532072-EAAC-4885-B082-A3CBC72E2F6D}.Debug|Any CPU.Build.0 = Debug|Any CPU
		{88532072-EAAC-4885-B082-A3CBC72E2F6D}.Release|Any CPU.ActiveCfg = Release|Any CPU
		{88532072-EAAC-4885-B082-A3CBC72E2F6D}.Release|Any CPU.Build.0 = Release|Any CPU
		{22CDC310-6B7F-4E4B-925A-D37FFF3C7ABC}.Debug|Any CPU.ActiveCfg = Debug|Any CPU
		{22CDC310-6B7F-4E4B-925A-D37FFF3C7ABC}.Debug|Any CPU.Build.0 = Debug|Any CPU
		{22CDC310-6B7F-4E4B-925A-D37FFF3C7ABC}.Release|Any CPU.ActiveCfg = Release|Any CPU
		{22CDC310-6B7F-4E4B-925A-D37FFF3C7ABC}.Release|Any CPU.Build.0 = Release|Any CPU
		{EAB188C2-BC1F-4D8F-91F1-29D4D80C7351}.Debug|Any CPU.ActiveCfg = Debug|Any CPU
		{EAB188C2-BC1F-4D8F-91F1-29D4D80C7351}.Debug|Any CPU.Build.0 = Debug|Any CPU
		{EAB188C2-BC1F-4D8F-91F1-29D4D80C7351}.Release|Any CPU.ActiveCfg = Release|Any CPU
		{EAB188C2-BC1F-4D8F-91F1-29D4D80C7351}.Release|Any CPU.Build.0 = Release|Any CPU
		{A2DF61BA-D80D-46A8-A051-C3930135F2C3}.Debug|Any CPU.ActiveCfg = Debug|Any CPU
		{A2DF61BA-D80D-46A8-A051-C3930135F2C3}.Debug|Any CPU.Build.0 = Debug|Any CPU
		{A2DF61BA-D80D-46A8-A051-C3930135F2C3}.Release|Any CPU.ActiveCfg = Release|Any CPU
		{A2DF61BA-D80D-46A8-A051-C3930135F2C3}.Release|Any CPU.Build.0 = Release|Any CPU
		{F9E195C9-A380-438C-9A46-732B4008C4E7}.Debug|Any CPU.ActiveCfg = Debug|Any CPU
		{F9E195C9-A380-438C-9A46-732B4008C4E7}.Debug|Any CPU.Build.0 = Debug|Any CPU
		{F9E195C9-A380-438C-9A46-732B4008C4E7}.Release|Any CPU.ActiveCfg = Release|Any CPU
		{F9E195C9-A380-438C-9A46-732B4008C4E7}.Release|Any CPU.Build.0 = Release|Any CPU
		{167DBBD7-1F2D-46B0-8AEC-BFFB91D1737A}.Debug|Any CPU.ActiveCfg = Debug|Any CPU
		{167DBBD7-1F2D-46B0-8AEC-BFFB91D1737A}.Debug|Any CPU.Build.0 = Debug|Any CPU
		{167DBBD7-1F2D-46B0-8AEC-BFFB91D1737A}.Release|Any CPU.ActiveCfg = Release|Any CPU
		{167DBBD7-1F2D-46B0-8AEC-BFFB91D1737A}.Release|Any CPU.Build.0 = Release|Any CPU
		{A4BA2062-C0DA-4DEE-9D96-1725F3B47E56}.Debug|Any CPU.ActiveCfg = Debug|Any CPU
		{A4BA2062-C0DA-4DEE-9D96-1725F3B47E56}.Debug|Any CPU.Build.0 = Debug|Any CPU
		{A4BA2062-C0DA-4DEE-9D96-1725F3B47E56}.Release|Any CPU.ActiveCfg = Release|Any CPU
		{A4BA2062-C0DA-4DEE-9D96-1725F3B47E56}.Release|Any CPU.Build.0 = Release|Any CPU
		{6304F716-363E-4D0E-8B40-4FEB155939A6}.Debug|Any CPU.ActiveCfg = Debug|Any CPU
		{6304F716-363E-4D0E-8B40-4FEB155939A6}.Debug|Any CPU.Build.0 = Debug|Any CPU
		{6304F716-363E-4D0E-8B40-4FEB155939A6}.Release|Any CPU.ActiveCfg = Release|Any CPU
		{6304F716-363E-4D0E-8B40-4FEB155939A6}.Release|Any CPU.Build.0 = Release|Any CPU
		{1B7566E9-AE5D-4B25-9B6F-FD5ED1AC2CC5}.Debug|Any CPU.ActiveCfg = Debug|Any CPU
		{1B7566E9-AE5D-4B25-9B6F-FD5ED1AC2CC5}.Debug|Any CPU.Build.0 = Debug|Any CPU
		{1B7566E9-AE5D-4B25-9B6F-FD5ED1AC2CC5}.Release|Any CPU.ActiveCfg = Release|Any CPU
		{1B7566E9-AE5D-4B25-9B6F-FD5ED1AC2CC5}.Release|Any CPU.Build.0 = Release|Any CPU
		{F048E804-D14D-45A2-9BA0-A83A385372E8}.Debug|Any CPU.ActiveCfg = Debug|Any CPU
		{F048E804-D14D-45A2-9BA0-A83A385372E8}.Debug|Any CPU.Build.0 = Debug|Any CPU
		{F048E804-D14D-45A2-9BA0-A83A385372E8}.Release|Any CPU.ActiveCfg = Release|Any CPU
		{F048E804-D14D-45A2-9BA0-A83A385372E8}.Release|Any CPU.Build.0 = Release|Any CPU
		{7934B257-CEB6-48AC-8265-05A11B5DA797}.Debug|Any CPU.ActiveCfg = Debug|Any CPU
		{7934B257-CEB6-48AC-8265-05A11B5DA797}.Debug|Any CPU.Build.0 = Debug|Any CPU
		{7934B257-CEB6-48AC-8265-05A11B5DA797}.Release|Any CPU.ActiveCfg = Release|Any CPU
		{7934B257-CEB6-48AC-8265-05A11B5DA797}.Release|Any CPU.Build.0 = Release|Any CPU
		{F05F178B-F44E-43DC-B38A-45B632AC7667}.Debug|Any CPU.ActiveCfg = Debug|Any CPU
		{F05F178B-F44E-43DC-B38A-45B632AC7667}.Debug|Any CPU.Build.0 = Debug|Any CPU
		{F05F178B-F44E-43DC-B38A-45B632AC7667}.Release|Any CPU.ActiveCfg = Release|Any CPU
		{F05F178B-F44E-43DC-B38A-45B632AC7667}.Release|Any CPU.Build.0 = Release|Any CPU
		{CC8F76AA-94B8-4FD4-9DDE-EBB7B5227419}.Debug|Any CPU.ActiveCfg = Debug|Any CPU
		{CC8F76AA-94B8-4FD4-9DDE-EBB7B5227419}.Debug|Any CPU.Build.0 = Debug|Any CPU
		{CC8F76AA-94B8-4FD4-9DDE-EBB7B5227419}.Release|Any CPU.ActiveCfg = Release|Any CPU
		{CC8F76AA-94B8-4FD4-9DDE-EBB7B5227419}.Release|Any CPU.Build.0 = Release|Any CPU
		{E67E5EE1-BB39-4E79-AABA-47E1F09EAD8E}.Debug|Any CPU.ActiveCfg = Debug|Any CPU
		{E67E5EE1-BB39-4E79-AABA-47E1F09EAD8E}.Debug|Any CPU.Build.0 = Debug|Any CPU
		{E67E5EE1-BB39-4E79-AABA-47E1F09EAD8E}.Release|Any CPU.ActiveCfg = Release|Any CPU
		{E67E5EE1-BB39-4E79-AABA-47E1F09EAD8E}.Release|Any CPU.Build.0 = Release|Any CPU
		{487FC9C9-2DAE-4F7D-8F15-30CC2ED2033C}.Debug|Any CPU.ActiveCfg = Debug|Any CPU
		{487FC9C9-2DAE-4F7D-8F15-30CC2ED2033C}.Debug|Any CPU.Build.0 = Debug|Any CPU
		{487FC9C9-2DAE-4F7D-8F15-30CC2ED2033C}.Release|Any CPU.ActiveCfg = Release|Any CPU
		{487FC9C9-2DAE-4F7D-8F15-30CC2ED2033C}.Release|Any CPU.Build.0 = Release|Any CPU
	EndGlobalSection
	GlobalSection(SolutionProperties) = preSolution
		HideSolutionNode = FALSE
	EndGlobalSection
EndGlobal
